
Microsoft Visual Studio Solution File, Format Version 12.00
# Visual Studio 15
VisualStudioVersion = 15.0.28307.168
MinimumVisualStudioVersion = 10.0.40219.1
Project("{FAE04EC0-301F-11D3-BF4B-00C04F79EFBC}") = "C0723381-WEEK-04", "C0723381-WEEK-04\C0723381-WEEK-04.csproj", "{6FCDE922-488F-4252-B8F7-9BF91CFAD484}"
EndProject
Global
	GlobalSection(SolutionConfigurationPlatforms) = preSolution
		Debug|Any CPU = Debug|Any CPU
		Release|Any CPU = Release|Any CPU
	EndGlobalSection
	GlobalSection(ProjectConfigurationPlatforms) = postSolution
		{6FCDE922-488F-4252-B8F7-9BF91CFAD484}.Debug|Any CPU.ActiveCfg = Debug|Any CPU
		{6FCDE922-488F-4252-B8F7-9BF91CFAD484}.Debug|Any CPU.Build.0 = Debug|Any CPU
		{6FCDE922-488F-4252-B8F7-9BF91CFAD484}.Release|Any CPU.ActiveCfg = Release|Any CPU
		{6FCDE922-488F-4252-B8F7-9BF91CFAD484}.Release|Any CPU.Build.0 = Release|Any CPU
	EndGlobalSection
	GlobalSection(SolutionProperties) = preSolution
		HideSolutionNode = FALSE
	EndGlobalSection
	GlobalSection(ExtensibilityGlobals) = postSolution
		SolutionGuid = {4ACB3964-60A8-49F3-ABF2-822DC5C38300}
	EndGlobalSection
EndGlobal
